
Microsoft Visual Studio Solution File, Format Version 12.00
# Visual Studio Version 17
VisualStudioVersion = 17.11.35327.3
MinimumVisualStudioVersion = 10.0.40219.1
Project("{FAE04EC0-301F-11D3-BF4B-00C04F79EFBC}") = "InstitutoCopacabanaAPI", "InstitutoCopacabanaAPI.csproj", "{67DE930E-330B-4C93-B545-51F8669DA1FD}"
EndProject
Global
	GlobalSection(SolutionConfigurationPlatforms) = preSolution
		Debug|Any CPU = Debug|Any CPU
		Release|Any CPU = Release|Any CPU
	EndGlobalSection
	GlobalSection(ProjectConfigurationPlatforms) = postSolution
		{67DE930E-330B-4C93-B545-51F8669DA1FD}.Debug|Any CPU.ActiveCfg = Debug|Any CPU
		{67DE930E-330B-4C93-B545-51F8669DA1FD}.Debug|Any CPU.Build.0 = Debug|Any CPU
		{67DE930E-330B-4C93-B545-51F8669DA1FD}.Release|Any CPU.ActiveCfg = Release|Any CPU
		{67DE930E-330B-4C93-B545-51F8669DA1FD}.Release|Any CPU.Build.0 = Release|Any CPU
	EndGlobalSection
	GlobalSection(SolutionProperties) = preSolution
		HideSolutionNode = FALSE
	EndGlobalSection
	GlobalSection(ExtensibilityGlobals) = postSolution
		SolutionGuid = {BE36A5AC-D1B3-4223-9558-A0A258C5CE36}
	EndGlobalSection
EndGlobal
